// !$*UTF8*$!
{
	archiveVersion = 1;
	classes = {
	};
	objectVersion = 46;
	objects = {

/* Begin PBXBuildFile section */
		685156C01D9F3C660053A84A /* AppDelegate.swift in Sources */ = {isa = PBXBuildFile; fileRef = 685156BF1D9F3C660053A84A /* AppDelegate.swift */; };
		685156C21D9F3C660053A84A /* ViewController.swift in Sources */ = {isa = PBXBuildFile; fileRef = 685156C11D9F3C660053A84A /* ViewController.swift */; };
		685156C51D9F3C660053A84A /* Main.storyboard in Resources */ = {isa = PBXBuildFile; fileRef = 685156C31D9F3C660053A84A /* Main.storyboard */; };
		685156C71D9F3C660053A84A /* Assets.xcassets in Resources */ = {isa = PBXBuildFile; fileRef = 685156C61D9F3C660053A84A /* Assets.xcassets */; };
		685156CA1D9F3C660053A84A /* LaunchScreen.storyboard in Resources */ = {isa = PBXBuildFile; fileRef = 685156C81D9F3C660053A84A /* LaunchScreen.storyboard */; };
		685156D41D9F3CDE0053A84A /* board.png in Resources */ = {isa = PBXBuildFile; fileRef = 685156D11D9F3CDE0053A84A /* board.png */; };
		685156D51D9F3CDE0053A84A /* cross.png in Resources */ = {isa = PBXBuildFile; fileRef = 685156D21D9F3CDE0053A84A /* cross.png */; };
		685156D61D9F3CDE0053A84A /* nought.png in Resources */ = {isa = PBXBuildFile; fileRef = 685156D31D9F3CDE0053A84A /* nought.png */; };
/* End PBXBuildFile section */

/* Begin PBXFileReference section */
		685156BC1D9F3C660053A84A /* TicTacToe.app */ = {isa = PBXFileReference; explicitFileType = wrapper.application; includeInIndex = 0; path = TicTacToe.app; sourceTree = BUILT_PRODUCTS_DIR; };
		685156BF1D9F3C660053A84A /* AppDelegate.swift */ = {isa = PBXFileReference; lastKnownFileType = sourcecode.swift; path = AppDelegate.swift; sourceTree = "<group>"; };
		685156C11D9F3C660053A84A /* ViewController.swift */ = {isa = PBXFileReference; lastKnownFileType = sourcecode.swift; path = ViewController.swift; sourceTree = "<group>"; };
		685156C41D9F3C660053A84A /* Base */ = {isa = PBXFileReference; lastKnownFileType = file.storyboard; name = Base; path = Base.lproj/Main.storyboard; sourceTree = "<group>"; };
		685156C61D9F3C660053A84A /* Assets.xcassets */ = {isa = PBXFileReference; lastKnownFileType = folder.assetcatalog; path = Assets.xcassets; sourceTree = "<group>"; };
		685156C91D9F3C660053A84A /* Base */ = {isa = PBXFileReference; lastKnownFileType = file.storyboard; name = Base; path = Base.lproj/LaunchScreen.storyboard; sourceTree = "<group>"; };
		685156CB1D9F3C660053A84A /* Info.plist */ = {isa = PBXFileReference; lastKnownFileType = text.plist.xml; path = Info.plist; sourceTree = "<group>"; };
		685156D11D9F3CDE0053A84A /* board.png */ = {isa = PBXFileReference; lastKnownFileType = image.png; path = board.png; sourceTree = "<group>"; };
		685156D21D9F3CDE0053A84A /* cross.png */ = {isa = PBXFileReference; lastKnownFileType = image.png; path = cross.png; sourceTree = "<group>"; };
		685156D31D9F3CDE0053A84A /* nought.png */ = {isa = PBXFileReference; lastKnownFileType = image.png; path = nought.png; sourceTree = "<group>"; };
/* End PBXFileReference section */

/* Begin PBXFrameworksBuildPhase section */
		685156B91D9F3C660053A84A /* Frameworks */ = {
			isa = PBXFrameworksBuildPhase;
			buildActionMask = 2147483647;
			files = (
			);
			runOnlyForDeploymentPostprocessing = 0;
		};
/* End PBXFrameworksBuildPhase section */

/* Begin PBXGroup section */
		685156B31D9F3C660053A84A = {
			isa = PBXGroup;
			children = (
				685156BE1D9F3C660053A84A /* TicTacToe */,
				685156BD1D9F3C660053A84A /* Products */,
			);
			sourceTree = "<group>";
		};
		685156BD1D9F3C660053A84A /* Products */ = {
			isa = PBXGroup;
			children = (
				685156BC1D9F3C660053A84A /* TicTacToe.app */,
			);
			name = Products;
			sourceTree = "<group>";
		};
		685156BE1D9F3C660053A84A /* TicTacToe */ = {
			isa = PBXGroup;
			children = (
				685156BF1D9F3C660053A84A /* AppDelegate.swift */,
				685156C11D9F3C660053A84A /* ViewController.swift */,
				685156C31D9F3C660053A84A /* Main.storyboard */,
				685156D11D9F3CDE0053A84A /* board.png */,
				685156D21D9F3CDE0053A84A /* cross.png */,
				685156D31D9F3CDE0053A84A /* nought.png */,
				685156C61D9F3C660053A84A /* Assets.xcassets */,
				685156C81D9F3C660053A84A /* LaunchScreen.storyboard */,
				685156CB1D9F3C660053A84A /* Info.plist */,
			);
			path = TicTacToe;
			sourceTree = "<group>";
		};
/* End PBXGroup section */

/* Begin PBXNativeTarget section */
		685156BB1D9F3C660053A84A /* TicTacToe */ = {
			isa = PBXNativeTarget;
			buildConfigurationList = 685156CE1D9F3C660053A84A /* Build configuration list for PBXNativeTarget "TicTacToe" */;
			buildPhases = (
				685156B81D9F3C660053A84A /* Sources */,
				685156B91D9F3C660053A84A /* Frameworks */,
				685156BA1D9F3C660053A84A /* Resources */,
			);
			buildRules = (
			);
			dependencies = (
			);
			name = TicTacToe;
			productName = TicTacToe;
			productReference = 685156BC1D9F3C660053A84A /* TicTacToe.app */;
			productType = "com.apple.product-type.application";
		};
/* End PBXNativeTarget section */

/* Begin PBXProject section */
		685156B41D9F3C660053A84A /* Project object */ = {
			isa = PBXProject;
			attributes = {
				LastSwiftUpdateCheck = 0800;
				LastUpgradeCheck = 0800;
				ORGANIZATIONNAME = "Hugo Morelli";
				TargetAttributes = {
					685156BB1D9F3C660053A84A = {
						CreatedOnToolsVersion = 8.0;
						ProvisioningStyle = Automatic;
					};
				};
			};
			buildConfigurationList = 685156B71D9F3C660053A84A /* Build configuration list for PBXProject "TicTacToe" */;
			compatibilityVersion = "Xcode 3.2";
			developmentRegion = English;
			hasScannedForEncodings = 0;
			knownRegions = (
				en,
				Base,
			);
			mainGroup = 685156B31D9F3C660053A84A;
			productRefGroup = 685156BD1D9F3C660053A84A /* Products */;
			projectDirPath = "";
			projectRoot = "";
			targets = (
				685156BB1D9F3C660053A84A /* TicTacToe */,
			);
		};
/* End PBXProject section */

/* Begin PBXResourcesBuildPhase section */
		685156BA1D9F3C660053A84A /* Resources */ = {
			isa = PBXResourcesBuildPhase;
			buildActionMask = 2147483647;
			files = (
				685156D51D9F3CDE0053A84A /* cross.png in Resources */,
				685156D41D9F3CDE0053A84A /* board.png in Resources */,
				685156D61D9F3CDE0053A84A /* nought.png in Resources */,
				685156CA1D9F3C660053A84A /* LaunchScreen.storyboard in Resources */,
				685156C71D9F3C660053A84A /* Assets.xcassets in Resources */,
				685156C51D9F3C660053A84A /* Main.storyboard in Resources */,
			);
			runOnlyForDeploymentPostprocessing = 0;
		};
/* End PBXResourcesBuildPhase section */

/* Begin PBXSourcesBuildPhase section */
		685156B81D9F3C660053A84A /* Sources */ = {
			isa = PBXSourcesBuildPhase;
			buildActionMask = 2147483647;
			files = (
				685156C21D9F3C660053A84A /* ViewController.swift in Sources */,
				685156C01D9F3C660053A84A /* AppDelegate.swift in Sources */,
			);
			runOnlyForDeploymentPostprocessing = 0;
		};
/* End PBXSourcesBuildPhase section */

/* Begin PBXVariantGroup section */
		685156C31D9F3C660053A84A /* Main.storyboard */ = {
			isa = PBXVariantGroup;
			children = (
				685156C41D9F3C660053A84A /* Base */,
			);
			name = Main.storyboard;
			sourceTree = "<group>";
		};
		685156C81D9F3C660053A84A /* LaunchScreen.storyboard */ = {
			isa = PBXVariantGroup;
			children = (
				685156C91D9F3C660053A84A /* Base */,
			);
			name = LaunchScreen.storyboard;
			sourceTree = "<group>";
		};
/* End PBXVariantGroup section */

/* Begin XCBuildConfiguration section */
		685156CC1D9F3C660053A84A /* Debug */ = {
			isa = XCBuildConfiguration;
			buildSettings = {
				ALWAYS_SEARCH_USER_PATHS = NO;
				CLANG_ANALYZER_NONNULL = YES;
				CLANG_CXX_LANGUAGE_STANDARD = "gnu++0x";
				CLANG_CXX_LIBRARY = "libc++";
				CLANG_ENABLE_MODULES = YES;
				CLANG_ENABLE_OBJC_ARC = YES;
				CLANG_WARN_BOOL_CONVERSION = YES;
				CLANG_WARN_CONSTANT_CONVERSION = YES;
				CLANG_WARN_DIRECT_OBJC_ISA_USAGE = YES_ERROR;
				CLANG_WARN_DOCUMENTATION_COMMENTS = YES;
				CLANG_WARN_EMPTY_BODY = YES;
				CLANG_WARN_ENUM_CONVERSION = YES;
				CLANG_WARN_INFINITE_RECURSION = YES;
				CLANG_WARN_INT_CONVERSION = YES;
				CLANG_WARN_OBJC_ROOT_CLASS = YES_ERROR;
				CLANG_WARN_SUSPICIOUS_MOVES = YES;
				CLANG_WARN_UNREACHABLE_CODE = YES;
				CLANG_WARN__DUPLICATE_METHOD_MATCH = YES;
				"CODE_SIGN_IDENTITY[sdk=iphoneos*]" = "iPhone Developer";
				COPY_PHASE_STRIP = NO;
				DEBUG_INFORMATION_FORMAT = dwarf;
				ENABLE_STRICT_OBJC_MSGSEND = YES;
				ENABLE_TESTABILITY = YES;
				GCC_C_LANGUAGE_STANDARD = gnu99;
				GCC_DYNAMIC_NO_PIC = NO;
				GCC_NO_COMMON_BLOCKS = YES;
				GCC_OPTIMIZATION_LEVEL = 0;
				GCC_PREPROCESSOR_DEFINITIONS = (
					"DEBUG=1",
					"$(inherited)",
				);
				GCC_WARN_64_TO_32_BIT_CONVERSION = YES;
				GCC_WARN_ABOUT_RETURN_TYPE = YES_ERROR;
				GCC_WARN_UNDECLARED_SELECTOR = YES;
				GCC_WARN_UNINITIALIZED_AUTOS = YES_AGGRESSIVE;
				GCC_WARN_UNUSED_FUNCTION = YES;
				GCC_WARN_UNUSED_VARIABLE = YES;
				IPHONEOS_DEPLOYMENT_TARGET = 10.0;
				MTL_ENABLE_DEBUG_INFO = YES;
				ONLY_ACTIVE_ARCH = YES;
				SDKROOT = iphoneos;
				SWIFT_ACTIVE_COMPILATION_CONDITIONS = DEBUG;
				SWIFT_OPTIMIZATION_LEVEL = "-Onone";
				TARGETED_DEVICE_FAMILY = "1,2";
			};
			name = Debug;
		};
		685156CD1D9F3C660053A84A /* Release */ = {
			isa = XCBuildConfiguration;
			buildSettings = {
				ALWAYS_SEARCH_USER_PATHS = NO;
				CLANG_ANALYZER_NONNULL = YES;
				CLANG_CXX_LANGUAGE_STANDARD = "gnu++0x";
				CLANG_CXX_LIBRARY = "libc++";
				CLANG_ENABLE_MODULES = YES;
				CLANG_ENABLE_OBJC_ARC = YES;
				CLANG_WARN_BOOL_CONVERSION = YES;
				CLANG_WARN_CONSTANT_CONVERSION = YES;
				CLANG_WARN_DIRECT_OBJC_ISA_USAGE = YES_ERROR;
				CLANG_WARN_DOCUMENTATION_COMMENTS = YES;
				CLANG_WARN_EMPTY_BODY = YES;
				CLANG_WARN_ENUM_CONVERSION = YES;
				CLANG_WARN_INFINITE_RECURSION = YES;
				CLANG_WARN_INT_CONVERSION = YES;
				CLANG_WARN_OBJC_ROOT_CLASS = YES_ERROR;
				CLANG_WARN_SUSPICIOUS_MOVES = YES;
				CLANG_WARN_UNREACHABLE_CODE = YES;
				CLANG_WARN__DUPLICATE_METHOD_MATCH = YES;
				"CODE_SIGN_IDENTITY[sdk=iphoneos*]" = "iPhone Developer";
				COPY_PHASE_STRIP = NO;
				DEBUG_INFORMATION_FORMAT = "dwarf-with-dsym";
				ENABLE_NS_ASSERTIONS = NO;
				ENABLE_STRICT_OBJC_MSGSEND = YES;
				GCC_C_LANGUAGE_STANDARD = gnu99;
				GCC_NO_COMMON_BLOCKS = YES;
				GCC_WARN_64_TO_32_BIT_CONVERSION = YES;
				GCC_WARN_ABOUT_RETURN_TYPE = YES_ERROR;
				GCC_WARN_UNDECLARED_SELECTOR = YES;
				GCC_WARN_UNINITIALIZED_AUTOS = YES_AGGRESSIVE;
				GCC_WARN_UNUSED_FUNCTION = YES;
				GCC_WARN_UNUSED_VARIABLE = YES;
				IPHONEOS_DEPLOYMENT_TARGET = 10.0;
				MTL_ENABLE_DEBUG_INFO = NO;
				SDKROOT = iphoneos;
				SWIFT_OPTIMIZATION_LEVEL = "-Owholemodule";
				TARGETED_DEVICE_FAMILY = "1,2";
				VALIDATE_PRODUCT = YES;
			};
			name = Release;
		};
		685156CF1D9F3C660053A84A /* Debug */ = {
			isa = XCBuildConfiguration;
			buildSettings = {
				ASSETCATALOG_COMPILER_APPICON_NAME = AppIcon;
				INFOPLIST_FILE = TicTacToe/Info.plist;
				LD_RUNPATH_SEARCH_PATHS = "$(inherited) @executable_path/Frameworks";
				PRODUCT_BUNDLE_IDENTIFIER = com.hugo.TicTacToe;
				PRODUCT_NAME = "$(TARGET_NAME)";
				SWIFT_VERSION = 3.0;
			};
			name = Debug;
		};
		685156D01D9F3C660053A84A /* Release */ = {
			isa = XCBuildConfiguration;
			buildSettings = {
				ASSETCATALOG_COMPILER_APPICON_NAME = AppIcon;
				INFOPLIST_FILE = TicTacToe/Info.plist;
				LD_RUNPATH_SEARCH_PATHS = "$(inherited) @executable_path/Frameworks";
				PRODUCT_BUNDLE_IDENTIFIER = com.hugo.TicTacToe;
				PRODUCT_NAME = "$(TARGET_NAME)";
				SWIFT_VERSION = 3.0;
			};
			name = Release;
		};
/* End XCBuildConfiguration section */

/* Begin XCConfigurationList section */
		685156B71D9F3C660053A84A /* Build configuration list for PBXProject "TicTacToe" */ = {
			isa = XCConfigurationList;
			buildConfigurations = (
				685156CC1D9F3C660053A84A /* Debug */,
				685156CD1D9F3C660053A84A /* Release */,
			);
			defaultConfigurationIsVisible = 0;
			defaultConfigurationName = Release;
		};
		685156CE1D9F3C660053A84A /* Build configuration list for PBXNativeTarget "TicTacToe" */ = {
			isa = XCConfigurationList;
			buildConfigurations = (
				685156CF1D9F3C660053A84A /* Debug */,
				685156D01D9F3C660053A84A /* Release */,
			);
			defaultConfigurationIsVisible = 0;
		};
/* End XCConfigurationList section */
	};
	rootObject = 685156B41D9F3C660053A84A /* Project object */;
}
